
Microsoft Visual Studio Solution File, Format Version 12.00
# Visual Studio Version 16
VisualStudioVersion = 16.0.31729.503
MinimumVisualStudioVersion = 10.0.40219.1
Project("{FAE04EC0-301F-11D3-BF4B-00C04F79EFBC}") = "CodilityTest", "CodilityTest\CodilityTest.csproj", "{170DB1DF-3A67-4517-9DEA-8D87E6646B94}"
EndProject
Global
	GlobalSection(SolutionConfigurationPlatforms) = preSolution
		Debug|Any CPU = Debug|Any CPU
		Release|Any CPU = Release|Any CPU
	EndGlobalSection
	GlobalSection(ProjectConfigurationPlatforms) = postSolution
		{170DB1DF-3A67-4517-9DEA-8D87E6646B94}.Debug|Any CPU.ActiveCfg = Debug|Any CPU
		{170DB1DF-3A67-4517-9DEA-8D87E6646B94}.Debug|Any CPU.Build.0 = Debug|Any CPU
		{170DB1DF-3A67-4517-9DEA-8D87E6646B94}.Release|Any CPU.ActiveCfg = Release|Any CPU
		{170DB1DF-3A67-4517-9DEA-8D87E6646B94}.Release|Any CPU.Build.0 = Release|Any CPU
	EndGlobalSection
	GlobalSection(SolutionProperties) = preSolution
		HideSolutionNode = FALSE
	EndGlobalSection
	GlobalSection(ExtensibilityGlobals) = postSolution
		SolutionGuid = {465C969D-9C4C-4F35-ADD3-EEF3D01B7866}
	EndGlobalSection
EndGlobal
